
Microsoft Visual Studio Solution File, Format Version 12.00
# Visual Studio Version 17
VisualStudioVersion = 17.9.34622.214
MinimumVisualStudioVersion = 10.0.40219.1
Project("{FAE04EC0-301F-11D3-BF4B-00C04F79EFBC}") = "ProEventos.API", "ProEventos.API.csproj", "{11E2229A-58C2-4316-A01E-83C48C489EF9}"
EndProject
Global
	GlobalSection(SolutionConfigurationPlatforms) = preSolution
		Debug|Any CPU = Debug|Any CPU
		Release|Any CPU = Release|Any CPU
	EndGlobalSection
	GlobalSection(ProjectConfigurationPlatforms) = postSolution
		{11E2229A-58C2-4316-A01E-83C48C489EF9}.Debug|Any CPU.ActiveCfg = Debug|Any CPU
		{11E2229A-58C2-4316-A01E-83C48C489EF9}.Debug|Any CPU.Build.0 = Debug|Any CPU
		{11E2229A-58C2-4316-A01E-83C48C489EF9}.Release|Any CPU.ActiveCfg = Release|Any CPU
		{11E2229A-58C2-4316-A01E-83C48C489EF9}.Release|Any CPU.Build.0 = Release|Any CPU
	EndGlobalSection
	GlobalSection(SolutionProperties) = preSolution
		HideSolutionNode = FALSE
	EndGlobalSection
	GlobalSection(ExtensibilityGlobals) = postSolution
		SolutionGuid = {78763140-135A-4C9B-A7A4-5E0E12C0F65F}
	EndGlobalSection
EndGlobal
